// !$*UTF8*$!
{
	archiveVersion = 1;
	classes = {
	};
	objectVersion = 46;
	objects = {

/* Begin PBXBuildFile section */
		5906AE7F16A0DD8200AB7C8D /* selected.png in Resources */ = {isa = PBXBuildFile; fileRef = 5906AE7D16A0DD8200AB7C8D /* selected.png */; };
		5906AE8016A0DD8200AB7C8D /* selected@2x.png in Resources */ = {isa = PBXBuildFile; fileRef = 5906AE7E16A0DD8200AB7C8D /* selected@2x.png */; };
		593B238A1660933E004FE031 /* FTArea.m in Sources */ = {isa = PBXBuildFile; fileRef = 593B23711660933E004FE031 /* FTArea.m */; };
		593B238D1660933E004FE031 /* Entity.m in Sources */ = {isa = PBXBuildFile; fileRef = 593B23761660933E004FE031 /* Entity.m */; };
		593B238E1660933E004FE031 /* FTKey.m in Sources */ = {isa = PBXBuildFile; fileRef = 593B23781660933E004FE031 /* FTKey.m */; };
		593B238F1660933E004FE031 /* FTPlayer.m in Sources */ = {isa = PBXBuildFile; fileRef = 593B237A1660933E004FE031 /* FTPlayer.m */; };
		593B23901660933E004FE031 /* FTTile.m in Sources */ = {isa = PBXBuildFile; fileRef = 593B237C1660933E004FE031 /* FTTile.m */; };
		593B23911660933E004FE031 /* vTile.xib in Resources */ = {isa = PBXBuildFile; fileRef = 593B237D1660933E004FE031 /* vTile.xib */; };
		593B23921660933E004FE031 /* FTViewController.xib in Resources */ = {isa = PBXBuildFile; fileRef = 593B237E1660933E004FE031 /* FTViewController.xib */; };
		593B23931660933E004FE031 /* InfoPlist.strings in Resources */ = {isa = PBXBuildFile; fileRef = 593B23801660933E004FE031 /* InfoPlist.strings */; };
		593B23941660933E004FE031 /* Food Trap-Info.plist in Resources */ = {isa = PBXBuildFile; fileRef = 593B23821660933E004FE031 /* Food Trap-Info.plist */; };
		593B23951660933E004FE031 /* FTAppDelegate.m in Sources */ = {isa = PBXBuildFile; fileRef = 593B23851660933E004FE031 /* FTAppDelegate.m */; };
		593B23961660933E004FE031 /* FTViewController.m in Sources */ = {isa = PBXBuildFile; fileRef = 593B23871660933E004FE031 /* FTViewController.m */; };
		593B23971660933E004FE031 /* main.m in Sources */ = {isa = PBXBuildFile; fileRef = 593B23881660933E004FE031 /* main.m */; };
		593B23981660933E004FE031 /* vPlayer.xib in Resources */ = {isa = PBXBuildFile; fileRef = 593B23891660933E004FE031 /* vPlayer.xib */; };
		593B23A81662DA68004FE031 /* GameViewController.m in Sources */ = {isa = PBXBuildFile; fileRef = 593B23A71662DA68004FE031 /* GameViewController.m */; };
		593B23AA1662DDB4004FE031 /* QuartzCore.framework in Frameworks */ = {isa = PBXBuildFile; fileRef = 593B23A91662DDB3004FE031 /* QuartzCore.framework */; };
		593B23AC1662DE04004FE031 /* GameViewController.xib in Resources */ = {isa = PBXBuildFile; fileRef = 593B23AB1662DE04004FE031 /* GameViewController.xib */; };
		5943F48F168F905F00773909 /* wall11.png in Resources */ = {isa = PBXBuildFile; fileRef = 5943F483168F905F00773909 /* wall11.png */; };
		5943F490168F905F00773909 /* wall11@2x.png in Resources */ = {isa = PBXBuildFile; fileRef = 5943F484168F905F00773909 /* wall11@2x.png */; };
		5943F491168F905F00773909 /* wall12.png in Resources */ = {isa = PBXBuildFile; fileRef = 5943F485168F905F00773909 /* wall12.png */; };
		5943F492168F905F00773909 /* wall12@2x.png in Resources */ = {isa = PBXBuildFile; fileRef = 5943F486168F905F00773909 /* wall12@2x.png */; };
		5943F493168F905F00773909 /* wall13.png in Resources */ = {isa = PBXBuildFile; fileRef = 5943F487168F905F00773909 /* wall13.png */; };
		5943F494168F905F00773909 /* wall13@2x.png in Resources */ = {isa = PBXBuildFile; fileRef = 5943F488168F905F00773909 /* wall13@2x.png */; };
		5943F495168F905F00773909 /* wall14.png in Resources */ = {isa = PBXBuildFile; fileRef = 5943F489168F905F00773909 /* wall14.png */; };
		5943F496168F905F00773909 /* wall14@2x.png in Resources */ = {isa = PBXBuildFile; fileRef = 5943F48A168F905F00773909 /* wall14@2x.png */; };
		5943F497168F905F00773909 /* wall15.png in Resources */ = {isa = PBXBuildFile; fileRef = 5943F48B168F905F00773909 /* wall15.png */; };
		5943F498168F905F00773909 /* wall15@2x.png in Resources */ = {isa = PBXBuildFile; fileRef = 5943F48C168F905F00773909 /* wall15@2x.png */; };
		5943F499168F905F00773909 /* wall16.png in Resources */ = {isa = PBXBuildFile; fileRef = 5943F48D168F905F00773909 /* wall16.png */; };
		5943F49A168F905F00773909 /* wall16@2x.png in Resources */ = {isa = PBXBuildFile; fileRef = 5943F48E168F905F00773909 /* wall16@2x.png */; };
		594C38BA16C87450002D8B49 /* SafeZone.m in Sources */ = {isa = PBXBuildFile; fileRef = 594C38B916C87450002D8B49 /* SafeZone.m */; };
		5955C4AF16C9C57200A1A671 /* Level1-2.xib in Resources */ = {isa = PBXBuildFile; fileRef = 5955C4AE16C9C57200A1A671 /* Level1-2.xib */; };
		5955C4B616C9CFB000A1A671 /* LevelLayer.m in Sources */ = {isa = PBXBuildFile; fileRef = 5955C4B516C9CFAF00A1A671 /* LevelLayer.m */; };
		595A609916980740007E9849 /* Animal.m in Sources */ = {isa = PBXBuildFile; fileRef = 595A609816980740007E9849 /* Animal.m */; };
		595A609D16980754007E9849 /* Mouse.m in Sources */ = {isa = PBXBuildFile; fileRef = 595A609C16980754007E9849 /* Mouse.m */; };
		59654709168592A000DB767B /* Tile.m in Sources */ = {isa = PBXBuildFile; fileRef = 59654708168592A000DB767B /* Tile.m */; };
		5965470D168592C200DB767B /* Path.m in Sources */ = {isa = PBXBuildFile; fileRef = 5965470C168592C200DB767B /* Path.m */; };
		5965472216859BC200DB767B /* wall1.png in Resources */ = {isa = PBXBuildFile; fileRef = 5965471016859BC200DB767B /* wall1.png */; };
		5965472316859BC200DB767B /* wall1@2x.png in Resources */ = {isa = PBXBuildFile; fileRef = 5965471116859BC200DB767B /* wall1@2x.png */; };
		5965472416859BC200DB767B /* wall2.png in Resources */ = {isa = PBXBuildFile; fileRef = 5965471216859BC200DB767B /* wall2.png */; };
		5965472516859BC200DB767B /* wall2@2x.png in Resources */ = {isa = PBXBuildFile; fileRef = 5965471316859BC200DB767B /* wall2@2x.png */; };
		5965472616859BC200DB767B /* wall3.png in Resources */ = {isa = PBXBuildFile; fileRef = 5965471416859BC200DB767B /* wall3.png */; };
		5965472716859BC200DB767B /* wall3@2x.png in Resources */ = {isa = PBXBuildFile; fileRef = 5965471516859BC200DB767B /* wall3@2x.png */; };
		5965472816859BC200DB767B /* wall4.png in Resources */ = {isa = PBXBuildFile; fileRef = 5965471616859BC200DB767B /* wall4.png */; };
		5965472916859BC200DB767B /* wall4@2x.png in Resources */ = {isa = PBXBuildFile; fileRef = 5965471716859BC200DB767B /* wall4@2x.png */; };
		5965472A16859BC200DB767B /* wall5.png in Resources */ = {isa = PBXBuildFile; fileRef = 5965471816859BC200DB767B /* wall5.png */; };
		5965472B16859BC200DB767B /* wall5@2x.png in Resources */ = {isa = PBXBuildFile; fileRef = 5965471916859BC200DB767B /* wall5@2x.png */; };
		5965472C16859BC200DB767B /* wall6.png in Resources */ = {isa = PBXBuildFile; fileRef = 5965471A16859BC200DB767B /* wall6.png */; };
		5965472D16859BC200DB767B /* wall6@2x.png in Resources */ = {isa = PBXBuildFile; fileRef = 5965471B16859BC200DB767B /* wall6@2x.png */; };
		5965472E16859BC200DB767B /* wall7.png in Resources */ = {isa = PBXBuildFile; fileRef = 5965471C16859BC200DB767B /* wall7.png */; };
		5965472F16859BC200DB767B /* wall7@2x.png in Resources */ = {isa = PBXBuildFile; fileRef = 5965471D16859BC200DB767B /* wall7@2x.png */; };
		5965473016859BC200DB767B /* wall8.png in Resources */ = {isa = PBXBuildFile; fileRef = 5965471E16859BC200DB767B /* wall8.png */; };
		5965473116859BC200DB767B /* wall8@2x.png in Resources */ = {isa = PBXBuildFile; fileRef = 5965471F16859BC200DB767B /* wall8@2x.png */; };
		5965473216859BC200DB767B /* wall9.png in Resources */ = {isa = PBXBuildFile; fileRef = 5965472016859BC200DB767B /* wall9.png */; };
		5965473316859BC200DB767B /* wall9@2x.png in Resources */ = {isa = PBXBuildFile; fileRef = 5965472116859BC200DB767B /* wall9@2x.png */; };
		5965473616859C0E00DB767B /* Template.xib in Resources */ = {isa = PBXBuildFile; fileRef = 5965473516859C0E00DB767B /* Template.xib */; };
		5965473916859E1E00DB767B /* wall10.png in Resources */ = {isa = PBXBuildFile; fileRef = 5965473716859E1E00DB767B /* wall10.png */; };
		5965473A16859E1E00DB767B /* wall10@2x.png in Resources */ = {isa = PBXBuildFile; fileRef = 5965473816859E1E00DB767B /* wall10@2x.png */; };
		5965473C16859E5C00DB767B /* Level1-1.xib in Resources */ = {isa = PBXBuildFile; fileRef = 5965473B16859E5C00DB767B /* Level1-1.xib */; };
		5965473E1686597D00DB767B /* Tiles.xib in Resources */ = {isa = PBXBuildFile; fileRef = 5965473D1686597D00DB767B /* Tiles.xib */; };
		5965474116865AAA00DB767B /* Level.m in Sources */ = {isa = PBXBuildFile; fileRef = 5965474016865AAA00DB767B /* Level.m */; };
		596B03AE16C4BCC900C4F109 /* bottomleft.png in Resources */ = {isa = PBXBuildFile; fileRef = 596B03A616C4BCC900C4F109 /* bottomleft.png */; };
		596B03AF16C4BCC900C4F109 /* bottomleft@2x.png in Resources */ = {isa = PBXBuildFile; fileRef = 596B03A716C4BCC900C4F109 /* bottomleft@2x.png */; };
		596B03B016C4BCC900C4F109 /* bottomright.png in Resources */ = {isa = PBXBuildFile; fileRef = 596B03A816C4BCC900C4F109 /* bottomright.png */; };
		596B03B116C4BCC900C4F109 /* bottomright@2x.png in Resources */ = {isa = PBXBuildFile; fileRef = 596B03A916C4BCC900C4F109 /* bottomright@2x.png */; };
		596B03B216C4BCC900C4F109 /* topleft.png in Resources */ = {isa = PBXBuildFile; fileRef = 596B03AA16C4BCC900C4F109 /* topleft.png */; };
		596B03B316C4BCC900C4F109 /* topleft@2x.png in Resources */ = {isa = PBXBuildFile; fileRef = 596B03AB16C4BCC900C4F109 /* topleft@2x.png */; };
		596B03B416C4BCC900C4F109 /* topright.png in Resources */ = {isa = PBXBuildFile; fileRef = 596B03AC16C4BCC900C4F109 /* topright.png */; };
		596B03B516C4BCC900C4F109 /* topright@2x.png in Resources */ = {isa = PBXBuildFile; fileRef = 596B03AD16C4BCC900C4F109 /* topright@2x.png */; };
		597CF92C169656340060F4F9 /* mouse.png in Resources */ = {isa = PBXBuildFile; fileRef = 597CF928169656340060F4F9 /* mouse.png */; };
		597CF92D169656340060F4F9 /* mouse@2x.png in Resources */ = {isa = PBXBuildFile; fileRef = 597CF929169656340060F4F9 /* mouse@2x.png */; };
		597CF92E169656340060F4F9 /* snake.png in Resources */ = {isa = PBXBuildFile; fileRef = 597CF92A169656340060F4F9 /* snake.png */; };
		597CF92F169656340060F4F9 /* snake@2x.png in Resources */ = {isa = PBXBuildFile; fileRef = 597CF92B169656340060F4F9 /* snake@2x.png */; };
		598A64AA16AE0CD400617E77 /* safe.png in Resources */ = {isa = PBXBuildFile; fileRef = 598A64A816AE0CD400617E77 /* safe.png */; };
		598A64AB16AE0CD400617E77 /* safe@2x.png in Resources */ = {isa = PBXBuildFile; fileRef = 598A64A916AE0CD400617E77 /* safe@2x.png */; };
		598D11A416CF08BB004A9394 /* eagle.png in Resources */ = {isa = PBXBuildFile; fileRef = 598D11A216CF08BB004A9394 /* eagle.png */; };
		598D11A516CF08BB004A9394 /* eagle@2x.png in Resources */ = {isa = PBXBuildFile; fileRef = 598D11A316CF08BB004A9394 /* eagle@2x.png */; };
		598D11A816CF08E4004A9394 /* Eagle.m in Sources */ = {isa = PBXBuildFile; fileRef = 598D11A716CF08E4004A9394 /* Eagle.m */; };
		59A608AA16A271DE003BF4C7 /* Snake.m in Sources */ = {isa = PBXBuildFile; fileRef = 59A608A916A271DE003BF4C7 /* Snake.m */; };
		59AE33B71673E02F007BE47E /* Game.m in Sources */ = {isa = PBXBuildFile; fileRef = 59AE33B61673E02F007BE47E /* Game.m */; };
		59C9656A15183516005B1120 /* UIKit.framework in Frameworks */ = {isa = PBXBuildFile; fileRef = 59C9656915183516005B1120 /* UIKit.framework */; };
		59C9656C15183516005B1120 /* Foundation.framework in Frameworks */ = {isa = PBXBuildFile; fileRef = 59C9656B15183516005B1120 /* Foundation.framework */; };
		59C9656E15183516005B1120 /* CoreGraphics.framework in Frameworks */ = {isa = PBXBuildFile; fileRef = 59C9656D15183516005B1120 /* CoreGraphics.framework */; };
		59ECA64A16D3022D0062EB4F /* ShipSelectionScreen.m in Sources */ = {isa = PBXBuildFile; fileRef = 59ECA64816D3022C0062EB4F /* ShipSelectionScreen.m */; };
		59ECA64B16D3022D0062EB4F /* ShipSelectionScreen.xib in Resources */ = {isa = PBXBuildFile; fileRef = 59ECA64916D3022C0062EB4F /* ShipSelectionScreen.xib */; };
		59F0D3B8167EDDFF00144155 /* Screen.m in Sources */ = {isa = PBXBuildFile; fileRef = 59F0D3B1167EDDFF00144155 /* Screen.m */; };
		59F0D3B9167EDDFF00144155 /* SplashScreen.m in Sources */ = {isa = PBXBuildFile; fileRef = 59F0D3B3167EDDFF00144155 /* SplashScreen.m */; };
		59F0D3BA167EDDFF00144155 /* SplashScreen.xib in Resources */ = {isa = PBXBuildFile; fileRef = 59F0D3B4167EDDFF00144155 /* SplashScreen.xib */; };
		59F0D3BB167EDDFF00144155 /* TitleScreen.m in Sources */ = {isa = PBXBuildFile; fileRef = 59F0D3B6167EDDFF00144155 /* TitleScreen.m */; };
		59F0D3BC167EDDFF00144155 /* TitleScreen.xib in Resources */ = {isa = PBXBuildFile; fileRef = 59F0D3B7167EDDFF00144155 /* TitleScreen.xib */; };
		59F78D4616D6EE5500F4FB70 /* LevelSelectionScreen.m in Sources */ = {isa = PBXBuildFile; fileRef = 59F78D4416D6EE5500F4FB70 /* LevelSelectionScreen.m */; };
		59F78D4716D6EE5500F4FB70 /* LevelSelectionScreen.xib in Resources */ = {isa = PBXBuildFile; fileRef = 59F78D4516D6EE5500F4FB70 /* LevelSelectionScreen.xib */; };
/* End PBXBuildFile section */

/* Begin PBXFileReference section */
		590427B416754F950043E07D /* macros.h */ = {isa = PBXFileReference; fileEncoding = 4; lastKnownFileType = sourcecode.c.h; path = macros.h; sourceTree = "<group>"; };
		5906AE7D16A0DD8200AB7C8D /* selected.png */ = {isa = PBXFileReference; lastKnownFileType = image.png; path = selected.png; sourceTree = "<group>"; };
		5906AE7E16A0DD8200AB7C8D /* selected@2x.png */ = {isa = PBXFileReference; lastKnownFileType = image.png; path = "selected@2x.png"; sourceTree = "<group>"; };
		593B236F1660933E004FE031 /* DevTestFlags.h */ = {isa = PBXFileReference; fileEncoding = 4; lastKnownFileType = sourcecode.c.h; path = DevTestFlags.h; sourceTree = "<group>"; };
		593B23701660933E004FE031 /* FTArea.h */ = {isa = PBXFileReference; fileEncoding = 4; lastKnownFileType = sourcecode.c.h; path = FTArea.h; sourceTree = "<group>"; };
		593B23711660933E004FE031 /* FTArea.m */ = {isa = PBXFileReference; fileEncoding = 4; lastKnownFileType = sourcecode.c.objc; path = FTArea.m; sourceTree = "<group>"; };
		593B23751660933E004FE031 /* Entity.h */ = {isa = PBXFileReference; fileEncoding = 4; lastKnownFileType = sourcecode.c.h; path = Entity.h; sourceTree = "<group>"; };
		593B23761660933E004FE031 /* Entity.m */ = {isa = PBXFileReference; fileEncoding = 4; lastKnownFileType = sourcecode.c.objc; path = Entity.m; sourceTree = "<group>"; };
		593B23771660933E004FE031 /* FTKey.h */ = {isa = PBXFileReference; fileEncoding = 4; lastKnownFileType = sourcecode.c.h; path = FTKey.h; sourceTree = "<group>"; };
		593B23781660933E004FE031 /* FTKey.m */ = {isa = PBXFileReference; fileEncoding = 4; lastKnownFileType = sourcecode.c.objc; path = FTKey.m; sourceTree = "<group>"; };
		593B23791660933E004FE031 /* FTPlayer.h */ = {isa = PBXFileReference; fileEncoding = 4; lastKnownFileType = sourcecode.c.h; path = FTPlayer.h; sourceTree = "<group>"; };
		593B237A1660933E004FE031 /* FTPlayer.m */ = {isa = PBXFileReference; fileEncoding = 4; lastKnownFileType = sourcecode.c.objc; path = FTPlayer.m; sourceTree = "<group>"; };
		593B237B1660933E004FE031 /* FTTile.h */ = {isa = PBXFileReference; fileEncoding = 4; lastKnownFileType = sourcecode.c.h; path = FTTile.h; sourceTree = "<group>"; };
		593B237C1660933E004FE031 /* FTTile.m */ = {isa = PBXFileReference; fileEncoding = 4; lastKnownFileType = sourcecode.c.objc; path = FTTile.m; sourceTree = "<group>"; };
		593B237D1660933E004FE031 /* vTile.xib */ = {isa = PBXFileReference; fileEncoding = 4; lastKnownFileType = file.xib; path = vTile.xib; sourceTree = "<group>"; };
		593B237F1660933E004FE031 /* en */ = {isa = PBXFileReference; lastKnownFileType = file.xib; name = en; path = en.lproj/FTViewController.xib; sourceTree = "<group>"; };
		593B23811660933E004FE031 /* en */ = {isa = PBXFileReference; lastKnownFileType = text.plist.strings; name = en; path = en.lproj/InfoPlist.strings; sourceTree = "<group>"; };
		593B23821660933E004FE031 /* Food Trap-Info.plist */ = {isa = PBXFileReference; fileEncoding = 4; lastKnownFileType = text.plist.xml; path = "Food Trap-Info.plist"; sourceTree = "<group>"; };
		593B23831660933E004FE031 /* Food Trap-Prefix.pch */ = {isa = PBXFileReference; fileEncoding = 4; lastKnownFileType = sourcecode.c.h; path = "Food Trap-Prefix.pch"; sourceTree = "<group>"; };
		593B23841660933E004FE031 /* FTAppDelegate.h */ = {isa = PBXFileReference; fileEncoding = 4; lastKnownFileType = sourcecode.c.h; path = FTAppDelegate.h; sourceTree = "<group>"; };
		593B23851660933E004FE031 /* FTAppDelegate.m */ = {isa = PBXFileReference; fileEncoding = 4; lastKnownFileType = sourcecode.c.objc; path = FTAppDelegate.m; sourceTree = "<group>"; };
		593B23861660933E004FE031 /* FTViewController.h */ = {isa = PBXFileReference; fileEncoding = 4; lastKnownFileType = sourcecode.c.h; path = FTViewController.h; sourceTree = "<group>"; };
		593B23871660933E004FE031 /* FTViewController.m */ = {isa = PBXFileReference; fileEncoding = 4; lastKnownFileType = sourcecode.c.objc; path = FTViewController.m; sourceTree = "<group>"; };
		593B23881660933E004FE031 /* main.m */ = {isa = PBXFileReference; fileEncoding = 4; lastKnownFileType = sourcecode.c.objc; path = main.m; sourceTree = "<group>"; };
		593B23891660933E004FE031 /* vPlayer.xib */ = {isa = PBXFileReference; fileEncoding = 4; lastKnownFileType = file.xib; path = vPlayer.xib; sourceTree = "<group>"; };
		593B23A61662DA68004FE031 /* GameViewController.h */ = {isa = PBXFileReference; fileEncoding = 4; lastKnownFileType = sourcecode.c.h; path = GameViewController.h; sourceTree = "<group>"; };
		593B23A71662DA68004FE031 /* GameViewController.m */ = {isa = PBXFileReference; fileEncoding = 4; lastKnownFileType = sourcecode.c.objc; path = GameViewController.m; sourceTree = "<group>"; };
		593B23A91662DDB3004FE031 /* QuartzCore.framework */ = {isa = PBXFileReference; lastKnownFileType = wrapper.framework; name = QuartzCore.framework; path = System/Library/Frameworks/QuartzCore.framework; sourceTree = SDKROOT; };
		593B23AB1662DE04004FE031 /* GameViewController.xib */ = {isa = PBXFileReference; fileEncoding = 4; lastKnownFileType = file.xib; path = GameViewController.xib; sourceTree = "<group>"; };
		5943F483168F905F00773909 /* wall11.png */ = {isa = PBXFileReference; lastKnownFileType = image.png; name = wall11.png; path = Resources/Walls/wall11.png; sourceTree = "<group>"; };
		5943F484168F905F00773909 /* wall11@2x.png */ = {isa = PBXFileReference; lastKnownFileType = image.png; name = "wall11@2x.png"; path = "Resources/Walls/wall11@2x.png"; sourceTree = "<group>"; };
		5943F485168F905F00773909 /* wall12.png */ = {isa = PBXFileReference; lastKnownFileType = image.png; name = wall12.png; path = Resources/Walls/wall12.png; sourceTree = "<group>"; };
		5943F486168F905F00773909 /* wall12@2x.png */ = {isa = PBXFileReference; lastKnownFileType = image.png; name = "wall12@2x.png"; path = "Resources/Walls/wall12@2x.png"; sourceTree = "<group>"; };
		5943F487168F905F00773909 /* wall13.png */ = {isa = PBXFileReference; lastKnownFileType = image.png; name = wall13.png; path = Resources/Walls/wall13.png; sourceTree = "<group>"; };
		5943F488168F905F00773909 /* wall13@2x.png */ = {isa = PBXFileReference; lastKnownFileType = image.png; name = "wall13@2x.png"; path = "Resources/Walls/wall13@2x.png"; sourceTree = "<group>"; };
		5943F489168F905F00773909 /* wall14.png */ = {isa = PBXFileReference; lastKnownFileType = image.png; name = wall14.png; path = Resources/Walls/wall14.png; sourceTree = "<group>"; };
		5943F48A168F905F00773909 /* wall14@2x.png */ = {isa = PBXFileReference; lastKnownFileType = image.png; name = "wall14@2x.png"; path = "Resources/Walls/wall14@2x.png"; sourceTree = "<group>"; };
		5943F48B168F905F00773909 /* wall15.png */ = {isa = PBXFileReference; lastKnownFileType = image.png; name = wall15.png; path = Resources/Walls/wall15.png; sourceTree = "<group>"; };
		5943F48C168F905F00773909 /* wall15@2x.png */ = {isa = PBXFileReference; lastKnownFileType = image.png; name = "wall15@2x.png"; path = "Resources/Walls/wall15@2x.png"; sourceTree = "<group>"; };
		5943F48D168F905F00773909 /* wall16.png */ = {isa = PBXFileReference; lastKnownFileType = image.png; name = wall16.png; path = Resources/Walls/wall16.png; sourceTree = "<group>"; };
		5943F48E168F905F00773909 /* wall16@2x.png */ = {isa = PBXFileReference; lastKnownFileType = image.png; name = "wall16@2x.png"; path = "Resources/Walls/wall16@2x.png"; sourceTree = "<group>"; };
		594C38B816C87450002D8B49 /* SafeZone.h */ = {isa = PBXFileReference; fileEncoding = 4; lastKnownFileType = sourcecode.c.h; name = SafeZone.h; path = Entities/SafeZone.h; sourceTree = "<group>"; };
		594C38B916C87450002D8B49 /* SafeZone.m */ = {isa = PBXFileReference; fileEncoding = 4; lastKnownFileType = sourcecode.c.objc; name = SafeZone.m; path = Entities/SafeZone.m; sourceTree = "<group>"; };
		5955C4AE16C9C57200A1A671 /* Level1-2.xib */ = {isa = PBXFileReference; fileEncoding = 4; lastKnownFileType = file.xib; name = "Level1-2.xib"; path = "Levels/Level1-2.xib"; sourceTree = "<group>"; };
		5955C4B416C9CFAF00A1A671 /* LevelLayer.h */ = {isa = PBXFileReference; fileEncoding = 4; lastKnownFileType = sourcecode.c.h; path = LevelLayer.h; sourceTree = "<group>"; };
		5955C4B516C9CFAF00A1A671 /* LevelLayer.m */ = {isa = PBXFileReference; fileEncoding = 4; lastKnownFileType = sourcecode.c.objc; path = LevelLayer.m; sourceTree = "<group>"; };
		595A609716980740007E9849 /* Animal.h */ = {isa = PBXFileReference; fileEncoding = 4; lastKnownFileType = sourcecode.c.h; name = Animal.h; path = Entities/Animal.h; sourceTree = "<group>"; };
		595A609816980740007E9849 /* Animal.m */ = {isa = PBXFileReference; fileEncoding = 4; lastKnownFileType = sourcecode.c.objc; name = Animal.m; path = Entities/Animal.m; sourceTree = "<group>"; };
		595A609B16980754007E9849 /* Mouse.h */ = {isa = PBXFileReference; fileEncoding = 4; lastKnownFileType = sourcecode.c.h; name = Mouse.h; path = Entities/Mouse.h; sourceTree = "<group>"; };
		595A609C16980754007E9849 /* Mouse.m */ = {isa = PBXFileReference; fileEncoding = 4; lastKnownFileType = sourcecode.c.objc; name = Mouse.m; path = Entities/Mouse.m; sourceTree = "<group>"; };
		59654707168592A000DB767B /* Tile.h */ = {isa = PBXFileReference; fileEncoding = 4; lastKnownFileType = sourcecode.c.h; name = Tile.h; path = Entities/Tile.h; sourceTree = "<group>"; };
		59654708168592A000DB767B /* Tile.m */ = {isa = PBXFileReference; fileEncoding = 4; lastKnownFileType = sourcecode.c.objc; name = Tile.m; path = Entities/Tile.m; sourceTree = "<group>"; };
		5965470B168592C200DB767B /* Path.h */ = {isa = PBXFileReference; fileEncoding = 4; lastKnownFileType = sourcecode.c.h; name = Path.h; path = Entities/Path.h; sourceTree = "<group>"; };
		5965470C168592C200DB767B /* Path.m */ = {isa = PBXFileReference; fileEncoding = 4; lastKnownFileType = sourcecode.c.objc; name = Path.m; path = Entities/Path.m; sourceTree = "<group>"; };
		5965471016859BC200DB767B /* wall1.png */ = {isa = PBXFileReference; lastKnownFileType = image.png; name = wall1.png; path = Resources/Walls/wall1.png; sourceTree = "<group>"; };
		5965471116859BC200DB767B /* wall1@2x.png */ = {isa = PBXFileReference; lastKnownFileType = image.png; name = "wall1@2x.png"; path = "Resources/Walls/wall1@2x.png"; sourceTree = "<group>"; };
		5965471216859BC200DB767B /* wall2.png */ = {isa = PBXFileReference; lastKnownFileType = image.png; name = wall2.png; path = Resources/Walls/wall2.png; sourceTree = "<group>"; };
		5965471316859BC200DB767B /* wall2@2x.png */ = {isa = PBXFileReference; lastKnownFileType = image.png; name = "wall2@2x.png"; path = "Resources/Walls/wall2@2x.png"; sourceTree = "<group>"; };
		5965471416859BC200DB767B /* wall3.png */ = {isa = PBXFileReference; lastKnownFileType = image.png; name = wall3.png; path = Resources/Walls/wall3.png; sourceTree = "<group>"; };
		5965471516859BC200DB767B /* wall3@2x.png */ = {isa = PBXFileReference; lastKnownFileType = image.png; name = "wall3@2x.png"; path = "Resources/Walls/wall3@2x.png"; sourceTree = "<group>"; };
		5965471616859BC200DB767B /* wall4.png */ = {isa = PBXFileReference; lastKnownFileType = image.png; name = wall4.png; path = Resources/Walls/wall4.png; sourceTree = "<group>"; };
		5965471716859BC200DB767B /* wall4@2x.png */ = {isa = PBXFileReference; lastKnownFileType = image.png; name = "wall4@2x.png"; path = "Resources/Walls/wall4@2x.png"; sourceTree = "<group>"; };
		5965471816859BC200DB767B /* wall5.png */ = {isa = PBXFileReference; lastKnownFileType = image.png; name = wall5.png; path = Resources/Walls/wall5.png; sourceTree = "<group>"; };
		5965471916859BC200DB767B /* wall5@2x.png */ = {isa = PBXFileReference; lastKnownFileType = image.png; name = "wall5@2x.png"; path = "Resources/Walls/wall5@2x.png"; sourceTree = "<group>"; };
		5965471A16859BC200DB767B /* wall6.png */ = {isa = PBXFileReference; lastKnownFileType = image.png; name = wall6.png; path = Resources/Walls/wall6.png; sourceTree = "<group>"; };
		5965471B16859BC200DB767B /* wall6@2x.png */ = {isa = PBXFileReference; lastKnownFileType = image.png; name = "wall6@2x.png"; path = "Resources/Walls/wall6@2x.png"; sourceTree = "<group>"; };
		5965471C16859BC200DB767B /* wall7.png */ = {isa = PBXFileReference; lastKnownFileType = image.png; name = wall7.png; path = Resources/Walls/wall7.png; sourceTree = "<group>"; };
		5965471D16859BC200DB767B /* wall7@2x.png */ = {isa = PBXFileReference; lastKnownFileType = image.png; name = "wall7@2x.png"; path = "Resources/Walls/wall7@2x.png"; sourceTree = "<group>"; };
		5965471E16859BC200DB767B /* wall8.png */ = {isa = PBXFileReference; lastKnownFileType = image.png; name = wall8.png; path = Resources/Walls/wall8.png; sourceTree = "<group>"; };
		5965471F16859BC200DB767B /* wall8@2x.png */ = {isa = PBXFileReference; lastKnownFileType = image.png; name = "wall8@2x.png"; path = "Resources/Walls/wall8@2x.png"; sourceTree = "<group>"; };
		5965472016859BC200DB767B /* wall9.png */ = {isa = PBXFileReference; lastKnownFileType = image.png; name = wall9.png; path = Resources/Walls/wall9.png; sourceTree = "<group>"; };
		5965472116859BC200DB767B /* wall9@2x.png */ = {isa = PBXFileReference; lastKnownFileType = image.png; name = "wall9@2x.png"; path = "Resources/Walls/wall9@2x.png"; sourceTree = "<group>"; };
		5965473516859C0E00DB767B /* Template.xib */ = {isa = PBXFileReference; fileEncoding = 4; lastKnownFileType = file.xib; name = Template.xib; path = Levels/Template.xib; sourceTree = "<group>"; };
		5965473716859E1E00DB767B /* wall10.png */ = {isa = PBXFileReference; lastKnownFileType = image.png; name = wall10.png; path = Resources/Walls/wall10.png; sourceTree = "<group>"; };
		5965473816859E1E00DB767B /* wall10@2x.png */ = {isa = PBXFileReference; lastKnownFileType = image.png; name = "wall10@2x.png"; path = "Resources/Walls/wall10@2x.png"; sourceTree = "<group>"; };
		5965473B16859E5C00DB767B /* Level1-1.xib */ = {isa = PBXFileReference; fileEncoding = 4; lastKnownFileType = file.xib; name = "Level1-1.xib"; path = "Levels/Level1-1.xib"; sourceTree = "<group>"; };
		5965473D1686597D00DB767B /* Tiles.xib */ = {isa = PBXFileReference; fileEncoding = 4; lastKnownFileType = file.xib; name = Tiles.xib; path = Levels/Tiles.xib; sourceTree = "<group>"; };
		5965473F16865AAA00DB767B /* Level.h */ = {isa = PBXFileReference; fileEncoding = 4; lastKnownFileType = sourcecode.c.h; name = Level.h; path = ../Entities/Level.h; sourceTree = "<group>"; };
		5965474016865AAA00DB767B /* Level.m */ = {isa = PBXFileReference; fileEncoding = 4; lastKnownFileType = sourcecode.c.objc; name = Level.m; path = ../Entities/Level.m; sourceTree = "<group>"; };
		596B03A616C4BCC900C4F109 /* bottomleft.png */ = {isa = PBXFileReference; lastKnownFileType = image.png; name = bottomleft.png; path = Resources/Walls/bottomleft.png; sourceTree = "<group>"; };
		596B03A716C4BCC900C4F109 /* bottomleft@2x.png */ = {isa = PBXFileReference; lastKnownFileType = image.png; name = "bottomleft@2x.png"; path = "Resources/Walls/bottomleft@2x.png"; sourceTree = "<group>"; };
		596B03A816C4BCC900C4F109 /* bottomright.png */ = {isa = PBXFileReference; lastKnownFileType = image.png; name = bottomright.png; path = Resources/Walls/bottomright.png; sourceTree = "<group>"; };
		596B03A916C4BCC900C4F109 /* bottomright@2x.png */ = {isa = PBXFileReference; lastKnownFileType = image.png; name = "bottomright@2x.png"; path = "Resources/Walls/bottomright@2x.png"; sourceTree = "<group>"; };
		596B03AA16C4BCC900C4F109 /* topleft.png */ = {isa = PBXFileReference; lastKnownFileType = image.png; name = topleft.png; path = Resources/Walls/topleft.png; sourceTree = "<group>"; };
		596B03AB16C4BCC900C4F109 /* topleft@2x.png */ = {isa = PBXFileReference; lastKnownFileType = image.png; name = "topleft@2x.png"; path = "Resources/Walls/topleft@2x.png"; sourceTree = "<group>"; };
		596B03AC16C4BCC900C4F109 /* topright.png */ = {isa = PBXFileReference; lastKnownFileType = image.png; name = topright.png; path = Resources/Walls/topright.png; sourceTree = "<group>"; };
		596B03AD16C4BCC900C4F109 /* topright@2x.png */ = {isa = PBXFileReference; lastKnownFileType = image.png; name = "topright@2x.png"; path = "Resources/Walls/topright@2x.png"; sourceTree = "<group>"; };
		597CF928169656340060F4F9 /* mouse.png */ = {isa = PBXFileReference; lastKnownFileType = image.png; path = mouse.png; sourceTree = "<group>"; };
		597CF929169656340060F4F9 /* mouse@2x.png */ = {isa = PBXFileReference; lastKnownFileType = image.png; path = "mouse@2x.png"; sourceTree = "<group>"; };
		597CF92A169656340060F4F9 /* snake.png */ = {isa = PBXFileReference; lastKnownFileType = image.png; path = snake.png; sourceTree = "<group>"; };
		597CF92B169656340060F4F9 /* snake@2x.png */ = {isa = PBXFileReference; lastKnownFileType = image.png; path = "snake@2x.png"; sourceTree = "<group>"; };
		598A64A816AE0CD400617E77 /* safe.png */ = {isa = PBXFileReference; lastKnownFileType = image.png; name = safe.png; path = Resources/safe.png; sourceTree = "<group>"; };
		598A64A916AE0CD400617E77 /* safe@2x.png */ = {isa = PBXFileReference; lastKnownFileType = image.png; name = "safe@2x.png"; path = "Resources/safe@2x.png"; sourceTree = "<group>"; };
		598D11A216CF08BB004A9394 /* eagle.png */ = {isa = PBXFileReference; lastKnownFileType = image.png; path = eagle.png; sourceTree = "<group>"; };
		598D11A316CF08BB004A9394 /* eagle@2x.png */ = {isa = PBXFileReference; lastKnownFileType = image.png; path = "eagle@2x.png"; sourceTree = "<group>"; };
		598D11A616CF08E4004A9394 /* Eagle.h */ = {isa = PBXFileReference; fileEncoding = 4; lastKnownFileType = sourcecode.c.h; name = Eagle.h; path = Entities/Eagle.h; sourceTree = "<group>"; };
		598D11A716CF08E4004A9394 /* Eagle.m */ = {isa = PBXFileReference; fileEncoding = 4; lastKnownFileType = sourcecode.c.objc; name = Eagle.m; path = Entities/Eagle.m; sourceTree = "<group>"; };
		59A608A816A271DE003BF4C7 /* Snake.h */ = {isa = PBXFileReference; fileEncoding = 4; lastKnownFileType = sourcecode.c.h; name = Snake.h; path = Entities/Snake.h; sourceTree = "<group>"; };
		59A608A916A271DE003BF4C7 /* Snake.m */ = {isa = PBXFileReference; fileEncoding = 4; lastKnownFileType = sourcecode.c.objc; name = Snake.m; path = Entities/Snake.m; sourceTree = "<group>"; };
		59AE33B51673E02F007BE47E /* Game.h */ = {isa = PBXFileReference; fileEncoding = 4; lastKnownFileType = sourcecode.c.h; path = Game.h; sourceTree = "<group>"; };
		59AE33B61673E02F007BE47E /* Game.m */ = {isa = PBXFileReference; fileEncoding = 4; lastKnownFileType = sourcecode.c.objc; path = Game.m; sourceTree = "<group>"; };
		59C9656515183516005B1120 /* Food Trap.app */ = {isa = PBXFileReference; explicitFileType = wrapper.application; includeInIndex = 0; path = "Food Trap.app"; sourceTree = BUILT_PRODUCTS_DIR; };
		59C9656915183516005B1120 /* UIKit.framework */ = {isa = PBXFileReference; lastKnownFileType = wrapper.framework; name = UIKit.framework; path = System/Library/Frameworks/UIKit.framework; sourceTree = SDKROOT; };
		59C9656B15183516005B1120 /* Foundation.framework */ = {isa = PBXFileReference; lastKnownFileType = wrapper.framework; name = Foundation.framework; path = System/Library/Frameworks/Foundation.framework; sourceTree = SDKROOT; };
		59C9656D15183516005B1120 /* CoreGraphics.framework */ = {isa = PBXFileReference; lastKnownFileType = wrapper.framework; name = CoreGraphics.framework; path = System/Library/Frameworks/CoreGraphics.framework; sourceTree = SDKROOT; };
		59C9658715183516005B1120 /* SenTestingKit.framework */ = {isa = PBXFileReference; lastKnownFileType = wrapper.framework; name = SenTestingKit.framework; path = Library/Frameworks/SenTestingKit.framework; sourceTree = DEVELOPER_DIR; };
		59ECA64716D3022C0062EB4F /* ShipSelectionScreen.h */ = {isa = PBXFileReference; fileEncoding = 4; lastKnownFileType = sourcecode.c.h; path = ShipSelectionScreen.h; sourceTree = "<group>"; };
		59ECA64816D3022C0062EB4F /* ShipSelectionScreen.m */ = {isa = PBXFileReference; fileEncoding = 4; lastKnownFileType = sourcecode.c.objc; path = ShipSelectionScreen.m; sourceTree = "<group>"; };
		59ECA64916D3022C0062EB4F /* ShipSelectionScreen.xib */ = {isa = PBXFileReference; fileEncoding = 4; lastKnownFileType = file.xib; path = ShipSelectionScreen.xib; sourceTree = "<group>"; };
		59F0D3B0167EDDFF00144155 /* Screen.h */ = {isa = PBXFileReference; fileEncoding = 4; lastKnownFileType = sourcecode.c.h; path = Screen.h; sourceTree = "<group>"; };
		59F0D3B1167EDDFF00144155 /* Screen.m */ = {isa = PBXFileReference; fileEncoding = 4; lastKnownFileType = sourcecode.c.objc; path = Screen.m; sourceTree = "<group>"; };
		59F0D3B2167EDDFF00144155 /* SplashScreen.h */ = {isa = PBXFileReference; fileEncoding = 4; lastKnownFileType = sourcecode.c.h; path = SplashScreen.h; sourceTree = "<group>"; };
		59F0D3B3167EDDFF00144155 /* SplashScreen.m */ = {isa = PBXFileReference; fileEncoding = 4; lastKnownFileType = sourcecode.c.objc; path = SplashScreen.m; sourceTree = "<group>"; };
		59F0D3B4167EDDFF00144155 /* SplashScreen.xib */ = {isa = PBXFileReference; fileEncoding = 4; lastKnownFileType = file.xib; path = SplashScreen.xib; sourceTree = "<group>"; };
		59F0D3B5167EDDFF00144155 /* TitleScreen.h */ = {isa = PBXFileReference; fileEncoding = 4; lastKnownFileType = sourcecode.c.h; path = TitleScreen.h; sourceTree = "<group>"; };
		59F0D3B6167EDDFF00144155 /* TitleScreen.m */ = {isa = PBXFileReference; fileEncoding = 4; lastKnownFileType = sourcecode.c.objc; path = TitleScreen.m; sourceTree = "<group>"; };
		59F0D3B7167EDDFF00144155 /* TitleScreen.xib */ = {isa = PBXFileReference; fileEncoding = 4; lastKnownFileType = file.xib; path = TitleScreen.xib; sourceTree = "<group>"; };
		59F78D4316D6EE5500F4FB70 /* LevelSelectionScreen.h */ = {isa = PBXFileReference; fileEncoding = 4; lastKnownFileType = sourcecode.c.h; path = LevelSelectionScreen.h; sourceTree = "<group>"; };
		59F78D4416D6EE5500F4FB70 /* LevelSelectionScreen.m */ = {isa = PBXFileReference; fileEncoding = 4; lastKnownFileType = sourcecode.c.objc; path = LevelSelectionScreen.m; sourceTree = "<group>"; };
		59F78D4516D6EE5500F4FB70 /* LevelSelectionScreen.xib */ = {isa = PBXFileReference; fileEncoding = 4; lastKnownFileType = file.xib; path = LevelSelectionScreen.xib; sourceTree = "<group>"; };
/* End PBXFileReference section */

/* Begin PBXFrameworksBuildPhase section */
		59C9656215183516005B1120 /* Frameworks */ = {
			isa = PBXFrameworksBuildPhase;
			buildActionMask = 2147483647;
			files = (
				593B23AA1662DDB4004FE031 /* QuartzCore.framework in Frameworks */,
				59C9656A15183516005B1120 /* UIKit.framework in Frameworks */,
				59C9656C15183516005B1120 /* Foundation.framework in Frameworks */,
				59C9656E15183516005B1120 /* CoreGraphics.framework in Frameworks */,
			);
			runOnlyForDeploymentPostprocessing = 0;
		};
/* End PBXFrameworksBuildPhase section */

/* Begin PBXGroup section */
		593B236D1660933E004FE031 /* Food Trap */ = {
			isa = PBXGroup;
			children = (
				5965470E16859BAB00DB767B /* Resources */,
				593B236E1660933E004FE031 /* Classes */,
				593B237E1660933E004FE031 /* FTViewController.xib */,
				593B23801660933E004FE031 /* InfoPlist.strings */,
				593B23821660933E004FE031 /* Food Trap-Info.plist */,
				593B23831660933E004FE031 /* Food Trap-Prefix.pch */,
				593B23841660933E004FE031 /* FTAppDelegate.h */,
				593B23851660933E004FE031 /* FTAppDelegate.m */,
				593B23861660933E004FE031 /* FTViewController.h */,
				593B23871660933E004FE031 /* FTViewController.m */,
				593B23881660933E004FE031 /* main.m */,
				593B23891660933E004FE031 /* vPlayer.xib */,
			);
			path = "Food Trap";
			sourceTree = "<group>";
		};
		593B236E1660933E004FE031 /* Classes */ = {
			isa = PBXGroup;
			children = (
				5965473416859BE900DB767B /* Levels */,
				59F0D3AF167EDDFF00144155 /* Screens */,
				59AE33C21673E4C6007BE47E /* Entities */,
				593B236F1660933E004FE031 /* DevTestFlags.h */,
				593B23701660933E004FE031 /* FTArea.h */,
				593B23711660933E004FE031 /* FTArea.m */,
				593B23771660933E004FE031 /* FTKey.h */,
				593B23781660933E004FE031 /* FTKey.m */,
				593B23791660933E004FE031 /* FTPlayer.h */,
				593B237A1660933E004FE031 /* FTPlayer.m */,
				593B237B1660933E004FE031 /* FTTile.h */,
				593B237C1660933E004FE031 /* FTTile.m */,
				593B237D1660933E004FE031 /* vTile.xib */,
				593B23A61662DA68004FE031 /* GameViewController.h */,
				593B23A71662DA68004FE031 /* GameViewController.m */,
				593B23AB1662DE04004FE031 /* GameViewController.xib */,
				59AE33B51673E02F007BE47E /* Game.h */,
				59AE33B61673E02F007BE47E /* Game.m */,
				590427B416754F950043E07D /* macros.h */,
			);
			path = Classes;
			sourceTree = "<group>";
		};
		5965470E16859BAB00DB767B /* Resources */ = {
			isa = PBXGroup;
			children = (
				598A64A816AE0CD400617E77 /* safe.png */,
				598A64A916AE0CD400617E77 /* safe@2x.png */,
				597CF927169656340060F4F9 /* Animals */,
				5965470F16859BB500DB767B /* Walls */,
			);
			name = Resources;
			sourceTree = "<group>";
		};
		5965470F16859BB500DB767B /* Walls */ = {
			isa = PBXGroup;
			children = (
				5965471016859BC200DB767B /* wall1.png */,
				5965471116859BC200DB767B /* wall1@2x.png */,
				5965471216859BC200DB767B /* wall2.png */,
				5965471316859BC200DB767B /* wall2@2x.png */,
				5965471416859BC200DB767B /* wall3.png */,
				5965471516859BC200DB767B /* wall3@2x.png */,
				5965471616859BC200DB767B /* wall4.png */,
				5965471716859BC200DB767B /* wall4@2x.png */,
				5965471816859BC200DB767B /* wall5.png */,
				5965471916859BC200DB767B /* wall5@2x.png */,
				5965471A16859BC200DB767B /* wall6.png */,
				5965471B16859BC200DB767B /* wall6@2x.png */,
				5965471C16859BC200DB767B /* wall7.png */,
				5965471D16859BC200DB767B /* wall7@2x.png */,
				5965471E16859BC200DB767B /* wall8.png */,
				5965471F16859BC200DB767B /* wall8@2x.png */,
				5965472016859BC200DB767B /* wall9.png */,
				5965472116859BC200DB767B /* wall9@2x.png */,
				5965473716859E1E00DB767B /* wall10.png */,
				5965473816859E1E00DB767B /* wall10@2x.png */,
				5943F483168F905F00773909 /* wall11.png */,
				5943F484168F905F00773909 /* wall11@2x.png */,
				5943F485168F905F00773909 /* wall12.png */,
				5943F486168F905F00773909 /* wall12@2x.png */,
				5943F487168F905F00773909 /* wall13.png */,
				5943F488168F905F00773909 /* wall13@2x.png */,
				5943F489168F905F00773909 /* wall14.png */,
				5943F48A168F905F00773909 /* wall14@2x.png */,
				5943F48B168F905F00773909 /* wall15.png */,
				5943F48C168F905F00773909 /* wall15@2x.png */,
				5943F48D168F905F00773909 /* wall16.png */,
				5943F48E168F905F00773909 /* wall16@2x.png */,
				596B03A616C4BCC900C4F109 /* bottomleft.png */,
				596B03A716C4BCC900C4F109 /* bottomleft@2x.png */,
				596B03A816C4BCC900C4F109 /* bottomright.png */,
				596B03A916C4BCC900C4F109 /* bottomright@2x.png */,
				596B03AA16C4BCC900C4F109 /* topleft.png */,
				596B03AB16C4BCC900C4F109 /* topleft@2x.png */,
				596B03AC16C4BCC900C4F109 /* topright.png */,
				596B03AD16C4BCC900C4F109 /* topright@2x.png */,
			);
			name = Walls;
			sourceTree = "<group>";
		};
		5965473416859BE900DB767B /* Levels */ = {
			isa = PBXGroup;
			children = (
				5965473516859C0E00DB767B /* Template.xib */,
				5965473B16859E5C00DB767B /* Level1-1.xib */,
				5955C4AE16C9C57200A1A671 /* Level1-2.xib */,
				5965473D1686597D00DB767B /* Tiles.xib */,
			);
			name = Levels;
			sourceTree = "<group>";
		};
		597CF927169656340060F4F9 /* Animals */ = {
			isa = PBXGroup;
			children = (
				597CF928169656340060F4F9 /* mouse.png */,
				597CF929169656340060F4F9 /* mouse@2x.png */,
				597CF92A169656340060F4F9 /* snake.png */,
				597CF92B169656340060F4F9 /* snake@2x.png */,
				5906AE7D16A0DD8200AB7C8D /* selected.png */,
				5906AE7E16A0DD8200AB7C8D /* selected@2x.png */,
				598D11A216CF08BB004A9394 /* eagle.png */,
				598D11A316CF08BB004A9394 /* eagle@2x.png */,
			);
			name = Animals;
			path = Resources/Animals;
			sourceTree = "<group>";
		};
		59AE33C21673E4C6007BE47E /* Entities */ = {
			isa = PBXGroup;
			children = (
				593B23751660933E004FE031 /* Entity.h */,
				593B23761660933E004FE031 /* Entity.m */,
				59654707168592A000DB767B /* Tile.h */,
				59654708168592A000DB767B /* Tile.m */,
				5965470B168592C200DB767B /* Path.h */,
				5965470C168592C200DB767B /* Path.m */,
				595A609716980740007E9849 /* Animal.h */,
				595A609816980740007E9849 /* Animal.m */,
				595A609B16980754007E9849 /* Mouse.h */,
				595A609C16980754007E9849 /* Mouse.m */,
				59A608A816A271DE003BF4C7 /* Snake.h */,
				59A608A916A271DE003BF4C7 /* Snake.m */,
				594C38B816C87450002D8B49 /* SafeZone.h */,
				594C38B916C87450002D8B49 /* SafeZone.m */,
				598D11A616CF08E4004A9394 /* Eagle.h */,
				598D11A716CF08E4004A9394 /* Eagle.m */,
			);
			name = Entities;
			sourceTree = "<group>";
		};
		59C9655A15183516005B1120 = {
			isa = PBXGroup;
			children = (
				593B23A91662DDB3004FE031 /* QuartzCore.framework */,
				593B236D1660933E004FE031 /* Food Trap */,
				59C9656815183516005B1120 /* Frameworks */,
				59C9656615183516005B1120 /* Products */,
			);
			sourceTree = "<group>";
		};
		59C9656615183516005B1120 /* Products */ = {
			isa = PBXGroup;
			children = (
				59C9656515183516005B1120 /* Food Trap.app */,
			);
			name = Products;
			sourceTree = "<group>";
		};
		59C9656815183516005B1120 /* Frameworks */ = {
			isa = PBXGroup;
			children = (
				59C9656915183516005B1120 /* UIKit.framework */,
				59C9656B15183516005B1120 /* Foundation.framework */,
				59C9656D15183516005B1120 /* CoreGraphics.framework */,
				59C9658715183516005B1120 /* SenTestingKit.framework */,
			);
			name = Frameworks;
			sourceTree = "<group>";
		};
		59F0D3AF167EDDFF00144155 /* Screens */ = {
			isa = PBXGroup;
			children = (
				59F0D3B0167EDDFF00144155 /* Screen.h */,
				59F0D3B1167EDDFF00144155 /* Screen.m */,
				59F0D3B2167EDDFF00144155 /* SplashScreen.h */,
				59F0D3B3167EDDFF00144155 /* SplashScreen.m */,
				59F0D3B4167EDDFF00144155 /* SplashScreen.xib */,
				59F0D3B5167EDDFF00144155 /* TitleScreen.h */,
				59F0D3B6167EDDFF00144155 /* TitleScreen.m */,
				59F0D3B7167EDDFF00144155 /* TitleScreen.xib */,
				5965473F16865AAA00DB767B /* Level.h */,
				5965474016865AAA00DB767B /* Level.m */,
				5955C4B416C9CFAF00A1A671 /* LevelLayer.h */,
				5955C4B516C9CFAF00A1A671 /* LevelLayer.m */,
				59ECA64716D3022C0062EB4F /* ShipSelectionScreen.h */,
				59ECA64816D3022C0062EB4F /* ShipSelectionScreen.m */,
				59ECA64916D3022C0062EB4F /* ShipSelectionScreen.xib */,
				59F78D4316D6EE5500F4FB70 /* LevelSelectionScreen.h */,
				59F78D4416D6EE5500F4FB70 /* LevelSelectionScreen.m */,
				59F78D4516D6EE5500F4FB70 /* LevelSelectionScreen.xib */,
			);
			path = Screens;
			sourceTree = "<group>";
		};
/* End PBXGroup section */

/* Begin PBXNativeTarget section */
		59C9656415183516005B1120 /* Food Trap */ = {
			isa = PBXNativeTarget;
			buildConfigurationList = 59C9659815183516005B1120 /* Build configuration list for PBXNativeTarget "Food Trap" */;
			buildPhases = (
				59C9656115183516005B1120 /* Sources */,
				59C9656215183516005B1120 /* Frameworks */,
				59C9656315183516005B1120 /* Resources */,
			);
			buildRules = (
			);
			dependencies = (
			);
			name = "Food Trap";
			productName = "Dungeon Diver";
			productReference = 59C9656515183516005B1120 /* Food Trap.app */;
			productType = "com.apple.product-type.application";
		};
/* End PBXNativeTarget section */

/* Begin PBXProject section */
		59C9655C15183516005B1120 /* Project object */ = {
			isa = PBXProject;
			attributes = {
				CLASSPREFIX = DD;
				LastUpgradeCheck = 0430;
				ORGANIZATIONNAME = Rockfish;
			};
			buildConfigurationList = 59C9655F15183516005B1120 /* Build configuration list for PBXProject "Food Trap" */;
			compatibilityVersion = "Xcode 3.2";
			developmentRegion = English;
			hasScannedForEncodings = 0;
			knownRegions = (
				en,
			);
			mainGroup = 59C9655A15183516005B1120;
			productRefGroup = 59C9656615183516005B1120 /* Products */;
			projectDirPath = "";
			projectRoot = "";
			targets = (
				59C9656415183516005B1120 /* Food Trap */,
			);
		};
/* End PBXProject section */

/* Begin PBXResourcesBuildPhase section */
		59C9656315183516005B1120 /* Resources */ = {
			isa = PBXResourcesBuildPhase;
			buildActionMask = 2147483647;
			files = (
				593B23911660933E004FE031 /* vTile.xib in Resources */,
				593B23921660933E004FE031 /* FTViewController.xib in Resources */,
				593B23931660933E004FE031 /* InfoPlist.strings in Resources */,
				593B23941660933E004FE031 /* Food Trap-Info.plist in Resources */,
				593B23981660933E004FE031 /* vPlayer.xib in Resources */,
				593B23AC1662DE04004FE031 /* GameViewController.xib in Resources */,
				59F0D3BA167EDDFF00144155 /* SplashScreen.xib in Resources */,
				59F0D3BC167EDDFF00144155 /* TitleScreen.xib in Resources */,
				5965472216859BC200DB767B /* wall1.png in Resources */,
				5965472316859BC200DB767B /* wall1@2x.png in Resources */,
				5965472416859BC200DB767B /* wall2.png in Resources */,
				5965472516859BC200DB767B /* wall2@2x.png in Resources */,
				5965472616859BC200DB767B /* wall3.png in Resources */,
				5965472716859BC200DB767B /* wall3@2x.png in Resources */,
				5965472816859BC200DB767B /* wall4.png in Resources */,
				5965472916859BC200DB767B /* wall4@2x.png in Resources */,
				5965472A16859BC200DB767B /* wall5.png in Resources */,
				5965472B16859BC200DB767B /* wall5@2x.png in Resources */,
				5965472C16859BC200DB767B /* wall6.png in Resources */,
				5965472D16859BC200DB767B /* wall6@2x.png in Resources */,
				5965472E16859BC200DB767B /* wall7.png in Resources */,
				5965472F16859BC200DB767B /* wall7@2x.png in Resources */,
				5965473016859BC200DB767B /* wall8.png in Resources */,
				5965473116859BC200DB767B /* wall8@2x.png in Resources */,
				5965473216859BC200DB767B /* wall9.png in Resources */,
				5965473316859BC200DB767B /* wall9@2x.png in Resources */,
				5965473616859C0E00DB767B /* Template.xib in Resources */,
				5965473916859E1E00DB767B /* wall10.png in Resources */,
				5965473A16859E1E00DB767B /* wall10@2x.png in Resources */,
				5965473C16859E5C00DB767B /* Level1-1.xib in Resources */,
				5965473E1686597D00DB767B /* Tiles.xib in Resources */,
				5943F48F168F905F00773909 /* wall11.png in Resources */,
				5943F490168F905F00773909 /* wall11@2x.png in Resources */,
				5943F491168F905F00773909 /* wall12.png in Resources */,
				5943F492168F905F00773909 /* wall12@2x.png in Resources */,
				5943F493168F905F00773909 /* wall13.png in Resources */,
				5943F494168F905F00773909 /* wall13@2x.png in Resources */,
				5943F495168F905F00773909 /* wall14.png in Resources */,
				5943F496168F905F00773909 /* wall14@2x.png in Resources */,
				5943F497168F905F00773909 /* wall15.png in Resources */,
				5943F498168F905F00773909 /* wall15@2x.png in Resources */,
				5943F499168F905F00773909 /* wall16.png in Resources */,
				5943F49A168F905F00773909 /* wall16@2x.png in Resources */,
				597CF92C169656340060F4F9 /* mouse.png in Resources */,
				597CF92D169656340060F4F9 /* mouse@2x.png in Resources */,
				597CF92E169656340060F4F9 /* snake.png in Resources */,
				597CF92F169656340060F4F9 /* snake@2x.png in Resources */,
				5906AE7F16A0DD8200AB7C8D /* selected.png in Resources */,
				5906AE8016A0DD8200AB7C8D /* selected@2x.png in Resources */,
				598A64AA16AE0CD400617E77 /* safe.png in Resources */,
				598A64AB16AE0CD400617E77 /* safe@2x.png in Resources */,
				596B03AE16C4BCC900C4F109 /* bottomleft.png in Resources */,
				596B03AF16C4BCC900C4F109 /* bottomleft@2x.png in Resources */,
				596B03B016C4BCC900C4F109 /* bottomright.png in Resources */,
				596B03B116C4BCC900C4F109 /* bottomright@2x.png in Resources */,
				596B03B216C4BCC900C4F109 /* topleft.png in Resources */,
				596B03B316C4BCC900C4F109 /* topleft@2x.png in Resources */,
				596B03B416C4BCC900C4F109 /* topright.png in Resources */,
				596B03B516C4BCC900C4F109 /* topright@2x.png in Resources */,
				5955C4AF16C9C57200A1A671 /* Level1-2.xib in Resources */,
				598D11A416CF08BB004A9394 /* eagle.png in Resources */,
				598D11A516CF08BB004A9394 /* eagle@2x.png in Resources */,
				59ECA64B16D3022D0062EB4F /* ShipSelectionScreen.xib in Resources */,
				59F78D4716D6EE5500F4FB70 /* LevelSelectionScreen.xib in Resources */,
			);
			runOnlyForDeploymentPostprocessing = 0;
		};
/* End PBXResourcesBuildPhase section */

/* Begin PBXSourcesBuildPhase section */
		59C9656115183516005B1120 /* Sources */ = {
			isa = PBXSourcesBuildPhase;
			buildActionMask = 2147483647;
			files = (
				593B238A1660933E004FE031 /* FTArea.m in Sources */,
				593B238D1660933E004FE031 /* Entity.m in Sources */,
				593B238E1660933E004FE031 /* FTKey.m in Sources */,
				593B238F1660933E004FE031 /* FTPlayer.m in Sources */,
				593B23901660933E004FE031 /* FTTile.m in Sources */,
				593B23951660933E004FE031 /* FTAppDelegate.m in Sources */,
				593B23961660933E004FE031 /* FTViewController.m in Sources */,
				593B23971660933E004FE031 /* main.m in Sources */,
				593B23A81662DA68004FE031 /* GameViewController.m in Sources */,
				59AE33B71673E02F007BE47E /* Game.m in Sources */,
				59F0D3B8167EDDFF00144155 /* Screen.m in Sources */,
				59F0D3B9167EDDFF00144155 /* SplashScreen.m in Sources */,
				59F0D3BB167EDDFF00144155 /* TitleScreen.m in Sources */,
				59654709168592A000DB767B /* Tile.m in Sources */,
				5965470D168592C200DB767B /* Path.m in Sources */,
				5965474116865AAA00DB767B /* Level.m in Sources */,
				595A609916980740007E9849 /* Animal.m in Sources */,
				595A609D16980754007E9849 /* Mouse.m in Sources */,
				59A608AA16A271DE003BF4C7 /* Snake.m in Sources */,
				594C38BA16C87450002D8B49 /* SafeZone.m in Sources */,
				5955C4B616C9CFB000A1A671 /* LevelLayer.m in Sources */,
				598D11A816CF08E4004A9394 /* Eagle.m in Sources */,
				59ECA64A16D3022D0062EB4F /* ShipSelectionScreen.m in Sources */,
				59F78D4616D6EE5500F4FB70 /* LevelSelectionScreen.m in Sources */,
			);
			runOnlyForDeploymentPostprocessing = 0;
		};
/* End PBXSourcesBuildPhase section */

/* Begin PBXVariantGroup section */
		593B237E1660933E004FE031 /* FTViewController.xib */ = {
			isa = PBXVariantGroup;
			children = (
				593B237F1660933E004FE031 /* en */,
			);
			name = FTViewController.xib;
			sourceTree = "<group>";
		};
		593B23801660933E004FE031 /* InfoPlist.strings */ = {
			isa = PBXVariantGroup;
			children = (
				593B23811660933E004FE031 /* en */,
			);
			name = InfoPlist.strings;
			sourceTree = "<group>";
		};
/* End PBXVariantGroup section */

/* Begin XCBuildConfiguration section */
		59C9659615183516005B1120 /* Debug */ = {
			isa = XCBuildConfiguration;
			buildSettings = {
				ALWAYS_SEARCH_USER_PATHS = NO;
				ARCHS = "$(ARCHS_STANDARD_32_BIT)";
				CLANG_ENABLE_OBJC_ARC = YES;
				CODE_SIGN_IDENTITY = "iPhone Developer";
				"CODE_SIGN_IDENTITY[sdk=iphoneos*]" = "iPhone Developer";
				COPY_PHASE_STRIP = NO;
				GCC_C_LANGUAGE_STANDARD = gnu99;
				GCC_DYNAMIC_NO_PIC = NO;
				GCC_OPTIMIZATION_LEVEL = 0;
				GCC_PREPROCESSOR_DEFINITIONS = (
					"DEBUG=1",
					"$(inherited)",
				);
				GCC_SYMBOLS_PRIVATE_EXTERN = NO;
				GCC_VERSION = com.apple.compilers.llvm.clang.1_0;
				GCC_WARN_ABOUT_RETURN_TYPE = YES;
				GCC_WARN_UNINITIALIZED_AUTOS = YES;
				GCC_WARN_UNUSED_VARIABLE = YES;
				IPHONEOS_DEPLOYMENT_TARGET = 5.0;
				PROVISIONING_PROFILE = "";
				SDKROOT = iphoneos;
			};
			name = Debug;
		};
		59C9659715183516005B1120 /* Release */ = {
			isa = XCBuildConfiguration;
			buildSettings = {
				ALWAYS_SEARCH_USER_PATHS = NO;
				ARCHS = "$(ARCHS_STANDARD_32_BIT)";
				CLANG_ENABLE_OBJC_ARC = YES;
				CODE_SIGN_IDENTITY = "iPhone Developer";
				"CODE_SIGN_IDENTITY[sdk=iphoneos*]" = "iPhone Developer";
				COPY_PHASE_STRIP = YES;
				GCC_C_LANGUAGE_STANDARD = gnu99;
				GCC_VERSION = com.apple.compilers.llvm.clang.1_0;
				GCC_WARN_ABOUT_RETURN_TYPE = YES;
				GCC_WARN_UNINITIALIZED_AUTOS = YES;
				GCC_WARN_UNUSED_VARIABLE = YES;
				IPHONEOS_DEPLOYMENT_TARGET = 5.0;
				OTHER_CFLAGS = "-DNS_BLOCK_ASSERTIONS=1";
				PROVISIONING_PROFILE = "";
				SDKROOT = iphoneos;
				VALIDATE_PRODUCT = YES;
			};
			name = Release;
		};
		59C9659915183516005B1120 /* Debug */ = {
			isa = XCBuildConfiguration;
			buildSettings = {
				CODE_SIGN_IDENTITY = "iPhone Developer";
				GCC_PRECOMPILE_PREFIX_HEADER = YES;
				GCC_PREFIX_HEADER = "Food Trap/Food Trap-Prefix.pch";
				INFOPLIST_FILE = "$(SRCROOT)/Food Trap/Food Trap-Info.plist";
				IPHONEOS_DEPLOYMENT_TARGET = 5.0;
				PRODUCT_NAME = "Food Trap";
				PROVISIONING_PROFILE = "";
				WRAPPER_EXTENSION = app;
			};
			name = Debug;
		};
		59C9659A15183516005B1120 /* Release */ = {
			isa = XCBuildConfiguration;
			buildSettings = {
				CODE_SIGN_IDENTITY = "iPhone Developer";
				GCC_PRECOMPILE_PREFIX_HEADER = YES;
				GCC_PREFIX_HEADER = "Food Trap/Food Trap-Prefix.pch";
				INFOPLIST_FILE = "$(SRCROOT)/Food Trap/Food Trap-Info.plist";
				IPHONEOS_DEPLOYMENT_TARGET = 5.0;
				PRODUCT_NAME = "Food Trap";
				PROVISIONING_PROFILE = "";
				WRAPPER_EXTENSION = app;
			};
			name = Release;
		};
/* End XCBuildConfiguration section */

/* Begin XCConfigurationList section */
		59C9655F15183516005B1120 /* Build configuration list for PBXProject "Food Trap" */ = {
			isa = XCConfigurationList;
			buildConfigurations = (
				59C9659615183516005B1120 /* Debug */,
				59C9659715183516005B1120 /* Release */,
			);
			defaultConfigurationIsVisible = 0;
			defaultConfigurationName = Release;
		};
		59C9659815183516005B1120 /* Build configuration list for PBXNativeTarget "Food Trap" */ = {
			isa = XCConfigurationList;
			buildConfigurations = (
				59C9659915183516005B1120 /* Debug */,
				59C9659A15183516005B1120 /* Release */,
			);
			defaultConfigurationIsVisible = 0;
			defaultConfigurationName = Release;
		};
/* End XCConfigurationList section */
	};
	rootObject = 59C9655C15183516005B1120 /* Project object */;
}
